
Microsoft Visual Studio Solution File, Format Version 12.00
# Visual Studio 14
VisualStudioVersion = 14.0.25420.1
MinimumVisualStudioVersion = 10.0.40219.1
Project("{FAE04EC0-301F-11D3-BF4B-00C04F79EFBC}") = "HW_MongoDB_ConsoleApp", "HW_MongoDB_ConsoleApp\HW_MongoDB_ConsoleApp.csproj", "{A6CF630A-E1E5-4656-BD01-C326FF83BDCC}"
EndProject
Global
	GlobalSection(SolutionConfigurationPlatforms) = preSolution
		Debug|Any CPU = Debug|Any CPU
		Release|Any CPU = Release|Any CPU
	EndGlobalSection
	GlobalSection(ProjectConfigurationPlatforms) = postSolution
		{A6CF630A-E1E5-4656-BD01-C326FF83BDCC}.Debug|Any CPU.ActiveCfg = Debug|Any CPU
		{A6CF630A-E1E5-4656-BD01-C326FF83BDCC}.Debug|Any CPU.Build.0 = Debug|Any CPU
		{A6CF630A-E1E5-4656-BD01-C326FF83BDCC}.Release|Any CPU.ActiveCfg = Release|Any CPU
		{A6CF630A-E1E5-4656-BD01-C326FF83BDCC}.Release|Any CPU.Build.0 = Release|Any CPU
	EndGlobalSection
	GlobalSection(SolutionProperties) = preSolution
		HideSolutionNode = FALSE
	EndGlobalSection
EndGlobal
